
Microsoft Visual Studio Solution File, Format Version 12.00
# Visual Studio Version 17
VisualStudioVersion = 17.0.32014.148
MinimumVisualStudioVersion = 10.0.40219.1
Project("{FAE04EC0-301F-11D3-BF4B-00C04F79EFBC}") = "BlazorE-Commerce.Server", "BlazorE-Commerce\Server\BlazorE-Commerce.Server.csproj", "{5B68F2E3-228D-4603-99EA-A1CCEF3C4726}"
EndProject
Project("{FAE04EC0-301F-11D3-BF4B-00C04F79EFBC}") = "BlazorE-Commerce.Client", "BlazorE-Commerce\Client\BlazorE-Commerce.Client.csproj", "{7643D1B3-3077-4E47-B324-705B8F6D9811}"
EndProject
Project("{FAE04EC0-301F-11D3-BF4B-00C04F79EFBC}") = "BlazorE-Commerce.Shared", "BlazorE-Commerce\Shared\BlazorE-Commerce.Shared.csproj", "{87AC25B4-334D-448B-B4D0-C9BC7D4949D3}"
EndProject
Global
	GlobalSection(SolutionConfigurationPlatforms) = preSolution
		Debug|Any CPU = Debug|Any CPU
		Release|Any CPU = Release|Any CPU
	EndGlobalSection
	GlobalSection(ProjectConfigurationPlatforms) = postSolution
		{5B68F2E3-228D-4603-99EA-A1CCEF3C4726}.Debug|Any CPU.ActiveCfg = Debug|Any CPU
		{5B68F2E3-228D-4603-99EA-A1CCEF3C4726}.Debug|Any CPU.Build.0 = Debug|Any CPU
		{5B68F2E3-228D-4603-99EA-A1CCEF3C4726}.Release|Any CPU.ActiveCfg = Release|Any CPU
		{5B68F2E3-228D-4603-99EA-A1CCEF3C4726}.Release|Any CPU.Build.0 = Release|Any CPU
		{7643D1B3-3077-4E47-B324-705B8F6D9811}.Debug|Any CPU.ActiveCfg = Debug|Any CPU
		{7643D1B3-3077-4E47-B324-705B8F6D9811}.Debug|Any CPU.Build.0 = Debug|Any CPU
		{7643D1B3-3077-4E47-B324-705B8F6D9811}.Release|Any CPU.ActiveCfg = Release|Any CPU
		{7643D1B3-3077-4E47-B324-705B8F6D9811}.Release|Any CPU.Build.0 = Release|Any CPU
		{87AC25B4-334D-448B-B4D0-C9BC7D4949D3}.Debug|Any CPU.ActiveCfg = Debug|Any CPU
		{87AC25B4-334D-448B-B4D0-C9BC7D4949D3}.Debug|Any CPU.Build.0 = Debug|Any CPU
		{87AC25B4-334D-448B-B4D0-C9BC7D4949D3}.Release|Any CPU.ActiveCfg = Release|Any CPU
		{87AC25B4-334D-448B-B4D0-C9BC7D4949D3}.Release|Any CPU.Build.0 = Release|Any CPU
	EndGlobalSection
	GlobalSection(SolutionProperties) = preSolution
		HideSolutionNode = FALSE
	EndGlobalSection
	GlobalSection(ExtensibilityGlobals) = postSolution
		SolutionGuid = {6D33DFF8-AA38-4228-8BCC-DD809EFCA5FD}
	EndGlobalSection
EndGlobal
